
Microsoft Visual Studio Solution File, Format Version 12.00
# Visual Studio 15
VisualStudioVersion = 15.0.33423.255
MinimumVisualStudioVersion = 10.0.40219.1
Project("{FAE04EC0-301F-11D3-BF4B-00C04F79EFBC}") = "GameLauncher", "GameLauncher\GameLauncher.csproj", "{AC35C11A-E8D3-4026-81E4-1695BA463055}"
EndProject
Global
	GlobalSection(SolutionConfigurationPlatforms) = preSolution
		Debug|Any CPU = Debug|Any CPU
		Release|Any CPU = Release|Any CPU
	EndGlobalSection
	GlobalSection(ProjectConfigurationPlatforms) = postSolution
		{AC35C11A-E8D3-4026-81E4-1695BA463055}.Debug|Any CPU.ActiveCfg = Debug|Any CPU
		{AC35C11A-E8D3-4026-81E4-1695BA463055}.Debug|Any CPU.Build.0 = Debug|Any CPU
		{AC35C11A-E8D3-4026-81E4-1695BA463055}.Release|Any CPU.ActiveCfg = Release|Any CPU
		{AC35C11A-E8D3-4026-81E4-1695BA463055}.Release|Any CPU.Build.0 = Release|Any CPU
	EndGlobalSection
	GlobalSection(SolutionProperties) = preSolution
		HideSolutionNode = FALSE
	EndGlobalSection
	GlobalSection(ExtensibilityGlobals) = postSolution
		SolutionGuid = {A6F560FA-DE40-4100-907C-53384FACE0ED}
	EndGlobalSection
EndGlobal
