
Microsoft Visual Studio Solution File, Format Version 12.00
# Visual Studio 15
VisualStudioVersion = 15.0.33026.149
MinimumVisualStudioVersion = 10.0.40219.1
Project("{FAE04EC0-301F-11D3-BF4B-00C04F79EFBC}") = "Homework1", "Homework1\Homework1.csproj", "{1F0270FB-2DE4-4EB3-B8FE-288E4286389B}"
EndProject
Project("{FAE04EC0-301F-11D3-BF4B-00C04F79EFBC}") = "Homework4", "Homework4\Homework4.csproj", "{99577A6E-9971-4B56-9F46-5F598263A73B}"
EndProject
Project("{FAE04EC0-301F-11D3-BF4B-00C04F79EFBC}") = "Homework2", "Homework2\Homework2.csproj", "{D1C6C492-BFAA-43F7-9D41-2DADAEEF01E2}"
EndProject
Project("{FAE04EC0-301F-11D3-BF4B-00C04F79EFBC}") = "Homework3", "Homework3\Homework3.csproj", "{40CB7842-676E-49AC-BFF8-9129BF7E0442}"
EndProject
Project("{FAE04EC0-301F-11D3-BF4B-00C04F79EFBC}") = "NewYearTree", "NewYearTree\NewYearTree.csproj", "{AAF4A802-86B9-4A99-A010-721A2B0ED34F}"
EndProject
Global
	GlobalSection(SolutionConfigurationPlatforms) = preSolution
		Debug|Any CPU = Debug|Any CPU
		Release|Any CPU = Release|Any CPU
	EndGlobalSection
	GlobalSection(ProjectConfigurationPlatforms) = postSolution
		{1F0270FB-2DE4-4EB3-B8FE-288E4286389B}.Debug|Any CPU.ActiveCfg = Debug|Any CPU
		{1F0270FB-2DE4-4EB3-B8FE-288E4286389B}.Debug|Any CPU.Build.0 = Debug|Any CPU
		{1F0270FB-2DE4-4EB3-B8FE-288E4286389B}.Release|Any CPU.ActiveCfg = Release|Any CPU
		{1F0270FB-2DE4-4EB3-B8FE-288E4286389B}.Release|Any CPU.Build.0 = Release|Any CPU
		{99577A6E-9971-4B56-9F46-5F598263A73B}.Debug|Any CPU.ActiveCfg = Debug|Any CPU
		{99577A6E-9971-4B56-9F46-5F598263A73B}.Debug|Any CPU.Build.0 = Debug|Any CPU
		{99577A6E-9971-4B56-9F46-5F598263A73B}.Release|Any CPU.ActiveCfg = Release|Any CPU
		{99577A6E-9971-4B56-9F46-5F598263A73B}.Release|Any CPU.Build.0 = Release|Any CPU
		{D1C6C492-BFAA-43F7-9D41-2DADAEEF01E2}.Debug|Any CPU.ActiveCfg = Debug|Any CPU
		{D1C6C492-BFAA-43F7-9D41-2DADAEEF01E2}.Debug|Any CPU.Build.0 = Debug|Any CPU
		{D1C6C492-BFAA-43F7-9D41-2DADAEEF01E2}.Release|Any CPU.ActiveCfg = Release|Any CPU
		{D1C6C492-BFAA-43F7-9D41-2DADAEEF01E2}.Release|Any CPU.Build.0 = Release|Any CPU
		{40CB7842-676E-49AC-BFF8-9129BF7E0442}.Debug|Any CPU.ActiveCfg = Debug|Any CPU
		{40CB7842-676E-49AC-BFF8-9129BF7E0442}.Debug|Any CPU.Build.0 = Debug|Any CPU
		{40CB7842-676E-49AC-BFF8-9129BF7E0442}.Release|Any CPU.ActiveCfg = Release|Any CPU
		{40CB7842-676E-49AC-BFF8-9129BF7E0442}.Release|Any CPU.Build.0 = Release|Any CPU
		{AAF4A802-86B9-4A99-A010-721A2B0ED34F}.Debug|Any CPU.ActiveCfg = Debug|Any CPU
		{AAF4A802-86B9-4A99-A010-721A2B0ED34F}.Debug|Any CPU.Build.0 = Debug|Any CPU
		{AAF4A802-86B9-4A99-A010-721A2B0ED34F}.Release|Any CPU.ActiveCfg = Release|Any CPU
		{AAF4A802-86B9-4A99-A010-721A2B0ED34F}.Release|Any CPU.Build.0 = Release|Any CPU
	EndGlobalSection
	GlobalSection(SolutionProperties) = preSolution
		HideSolutionNode = FALSE
	EndGlobalSection
	GlobalSection(ExtensibilityGlobals) = postSolution
		SolutionGuid = {3D4C9F69-D160-475C-A737-E56C1F0AE990}
	EndGlobalSection
EndGlobal
