
Microsoft Visual Studio Solution File, Format Version 12.00
# Visual Studio 15
VisualStudioVersion = 15.0.33403.129
MinimumVisualStudioVersion = 10.0.40219.1
Project("{FAE04EC0-301F-11D3-BF4B-00C04F79EFBC}") = "Homework", "Homework\Homework.csproj", "{027CC381-6AE6-4E0D-AEAF-09EDC07F282B}"
EndProject
Global
	GlobalSection(SolutionConfigurationPlatforms) = preSolution
		Debug|Any CPU = Debug|Any CPU
		Release|Any CPU = Release|Any CPU
	EndGlobalSection
	GlobalSection(ProjectConfigurationPlatforms) = postSolution
		{027CC381-6AE6-4E0D-AEAF-09EDC07F282B}.Debug|Any CPU.ActiveCfg = Debug|Any CPU
		{027CC381-6AE6-4E0D-AEAF-09EDC07F282B}.Debug|Any CPU.Build.0 = Debug|Any CPU
		{027CC381-6AE6-4E0D-AEAF-09EDC07F282B}.Release|Any CPU.ActiveCfg = Release|Any CPU
		{027CC381-6AE6-4E0D-AEAF-09EDC07F282B}.Release|Any CPU.Build.0 = Release|Any CPU
	EndGlobalSection
	GlobalSection(SolutionProperties) = preSolution
		HideSolutionNode = FALSE
	EndGlobalSection
	GlobalSection(ExtensibilityGlobals) = postSolution
		SolutionGuid = {E171E739-91DD-4FCB-A139-0473B3C5070F}
	EndGlobalSection
EndGlobal
