
Microsoft Visual Studio Solution File, Format Version 12.00
# Visual Studio 15
VisualStudioVersion = 15.0.33423.255
MinimumVisualStudioVersion = 10.0.40219.1
Project("{FAE04EC0-301F-11D3-BF4B-00C04F79EFBC}") = "Homework4", "Homework4\Homework4.csproj", "{B33545F6-6645-473E-ABEB-B3E70F0F05C9}"
EndProject
Global
	GlobalSection(SolutionConfigurationPlatforms) = preSolution
		Debug|Any CPU = Debug|Any CPU
		Release|Any CPU = Release|Any CPU
	EndGlobalSection
	GlobalSection(ProjectConfigurationPlatforms) = postSolution
		{B33545F6-6645-473E-ABEB-B3E70F0F05C9}.Debug|Any CPU.ActiveCfg = Debug|Any CPU
		{B33545F6-6645-473E-ABEB-B3E70F0F05C9}.Debug|Any CPU.Build.0 = Debug|Any CPU
		{B33545F6-6645-473E-ABEB-B3E70F0F05C9}.Release|Any CPU.ActiveCfg = Release|Any CPU
		{B33545F6-6645-473E-ABEB-B3E70F0F05C9}.Release|Any CPU.Build.0 = Release|Any CPU
	EndGlobalSection
	GlobalSection(SolutionProperties) = preSolution
		HideSolutionNode = FALSE
	EndGlobalSection
	GlobalSection(ExtensibilityGlobals) = postSolution
		SolutionGuid = {DC486536-7836-4698-88A0-0C53DA759F2F}
	EndGlobalSection
EndGlobal
