
Microsoft Visual Studio Solution File, Format Version 12.00
# Visual Studio 15
VisualStudioVersion = 15.0.33026.149
MinimumVisualStudioVersion = 10.0.40219.1
Project("{FAE04EC0-301F-11D3-BF4B-00C04F79EFBC}") = "Homeworks", "Homeworks\Homeworks.csproj", "{A4598B48-CC0B-4EED-A6CF-C40B07F5466B}"
EndProject
Project("{FAE04EC0-301F-11D3-BF4B-00C04F79EFBC}") = "Homework2", "Homework2\Homework2.csproj", "{539C2967-B668-4CA3-8E5D-761D9A5505E3}"
EndProject
Global
	GlobalSection(SolutionConfigurationPlatforms) = preSolution
		Debug|Any CPU = Debug|Any CPU
		Release|Any CPU = Release|Any CPU
	EndGlobalSection
	GlobalSection(ProjectConfigurationPlatforms) = postSolution
		{A4598B48-CC0B-4EED-A6CF-C40B07F5466B}.Debug|Any CPU.ActiveCfg = Debug|Any CPU
		{A4598B48-CC0B-4EED-A6CF-C40B07F5466B}.Debug|Any CPU.Build.0 = Debug|Any CPU
		{A4598B48-CC0B-4EED-A6CF-C40B07F5466B}.Release|Any CPU.ActiveCfg = Release|Any CPU
		{A4598B48-CC0B-4EED-A6CF-C40B07F5466B}.Release|Any CPU.Build.0 = Release|Any CPU
		{539C2967-B668-4CA3-8E5D-761D9A5505E3}.Debug|Any CPU.ActiveCfg = Debug|Any CPU
		{539C2967-B668-4CA3-8E5D-761D9A5505E3}.Debug|Any CPU.Build.0 = Debug|Any CPU
		{539C2967-B668-4CA3-8E5D-761D9A5505E3}.Release|Any CPU.ActiveCfg = Release|Any CPU
		{539C2967-B668-4CA3-8E5D-761D9A5505E3}.Release|Any CPU.Build.0 = Release|Any CPU
	EndGlobalSection
	GlobalSection(SolutionProperties) = preSolution
		HideSolutionNode = FALSE
	EndGlobalSection
	GlobalSection(ExtensibilityGlobals) = postSolution
		SolutionGuid = {012FD89D-0899-4F97-A6DA-532A4975137F}
	EndGlobalSection
EndGlobal
