
Microsoft Visual Studio Solution File, Format Version 12.00
# Visual Studio 15
VisualStudioVersion = 15.0.33423.255
MinimumVisualStudioVersion = 10.0.40219.1
Project("{FAE04EC0-301F-11D3-BF4B-00C04F79EFBC}") = "Task", "Task\Task.csproj", "{2029967C-DE28-41B1-A57E-FF4EC7A9683B}"
EndProject
Global
	GlobalSection(SolutionConfigurationPlatforms) = preSolution
		Debug|Any CPU = Debug|Any CPU
		Release|Any CPU = Release|Any CPU
	EndGlobalSection
	GlobalSection(ProjectConfigurationPlatforms) = postSolution
		{2029967C-DE28-41B1-A57E-FF4EC7A9683B}.Debug|Any CPU.ActiveCfg = Debug|Any CPU
		{2029967C-DE28-41B1-A57E-FF4EC7A9683B}.Debug|Any CPU.Build.0 = Debug|Any CPU
		{2029967C-DE28-41B1-A57E-FF4EC7A9683B}.Release|Any CPU.ActiveCfg = Release|Any CPU
		{2029967C-DE28-41B1-A57E-FF4EC7A9683B}.Release|Any CPU.Build.0 = Release|Any CPU
	EndGlobalSection
	GlobalSection(SolutionProperties) = preSolution
		HideSolutionNode = FALSE
	EndGlobalSection
	GlobalSection(ExtensibilityGlobals) = postSolution
		SolutionGuid = {EB040154-4700-4B9A-B471-55222A20A192}
	EndGlobalSection
EndGlobal
