
Microsoft Visual Studio Solution File, Format Version 12.00
# Visual Studio 15
VisualStudioVersion = 15.0.33026.149
MinimumVisualStudioVersion = 10.0.40219.1
Project("{FAE04EC0-301F-11D3-BF4B-00C04F79EFBC}") = "Task2", "Task2\Task2.csproj", "{392B103E-CCD7-4179-8198-AA59FDC4AC78}"
EndProject
Global
	GlobalSection(SolutionConfigurationPlatforms) = preSolution
		Debug|Any CPU = Debug|Any CPU
		Release|Any CPU = Release|Any CPU
	EndGlobalSection
	GlobalSection(ProjectConfigurationPlatforms) = postSolution
		{392B103E-CCD7-4179-8198-AA59FDC4AC78}.Debug|Any CPU.ActiveCfg = Debug|Any CPU
		{392B103E-CCD7-4179-8198-AA59FDC4AC78}.Debug|Any CPU.Build.0 = Debug|Any CPU
		{392B103E-CCD7-4179-8198-AA59FDC4AC78}.Release|Any CPU.ActiveCfg = Release|Any CPU
		{392B103E-CCD7-4179-8198-AA59FDC4AC78}.Release|Any CPU.Build.0 = Release|Any CPU
	EndGlobalSection
	GlobalSection(SolutionProperties) = preSolution
		HideSolutionNode = FALSE
	EndGlobalSection
	GlobalSection(ExtensibilityGlobals) = postSolution
		SolutionGuid = {2032BBFE-5AB9-44CE-9C64-AD0EB1211111}
	EndGlobalSection
EndGlobal
