
Microsoft Visual Studio Solution File, Format Version 12.00
# Visual Studio 15
VisualStudioVersion = 15.0.33026.149
MinimumVisualStudioVersion = 10.0.40219.1
Project("{FAE04EC0-301F-11D3-BF4B-00C04F79EFBC}") = "Homework2", "Homework2\Homework2.csproj", "{F19BED74-B0E2-4474-9E3C-EE1D8E9ED4BA}"
EndProject
Global
	GlobalSection(SolutionConfigurationPlatforms) = preSolution
		Debug|Any CPU = Debug|Any CPU
		Release|Any CPU = Release|Any CPU
	EndGlobalSection
	GlobalSection(ProjectConfigurationPlatforms) = postSolution
		{F19BED74-B0E2-4474-9E3C-EE1D8E9ED4BA}.Debug|Any CPU.ActiveCfg = Debug|Any CPU
		{F19BED74-B0E2-4474-9E3C-EE1D8E9ED4BA}.Debug|Any CPU.Build.0 = Debug|Any CPU
		{F19BED74-B0E2-4474-9E3C-EE1D8E9ED4BA}.Release|Any CPU.ActiveCfg = Release|Any CPU
		{F19BED74-B0E2-4474-9E3C-EE1D8E9ED4BA}.Release|Any CPU.Build.0 = Release|Any CPU
	EndGlobalSection
	GlobalSection(SolutionProperties) = preSolution
		HideSolutionNode = FALSE
	EndGlobalSection
	GlobalSection(ExtensibilityGlobals) = postSolution
		SolutionGuid = {29735C72-B17B-4D25-838F-1A6CB8103637}
	EndGlobalSection
EndGlobal
