
Microsoft Visual Studio Solution File, Format Version 12.00
# Visual Studio 15
VisualStudioVersion = 15.0.33423.255
MinimumVisualStudioVersion = 10.0.40219.1
Project("{FAE04EC0-301F-11D3-BF4B-00C04F79EFBC}") = "Homework1", "Homework1\Homework1.csproj", "{40C56D8D-8CC7-40C0-A51B-9362E55919B1}"
EndProject
Global
	GlobalSection(SolutionConfigurationPlatforms) = preSolution
		Debug|Any CPU = Debug|Any CPU
		Release|Any CPU = Release|Any CPU
	EndGlobalSection
	GlobalSection(ProjectConfigurationPlatforms) = postSolution
		{40C56D8D-8CC7-40C0-A51B-9362E55919B1}.Debug|Any CPU.ActiveCfg = Debug|Any CPU
		{40C56D8D-8CC7-40C0-A51B-9362E55919B1}.Debug|Any CPU.Build.0 = Debug|Any CPU
		{40C56D8D-8CC7-40C0-A51B-9362E55919B1}.Release|Any CPU.ActiveCfg = Release|Any CPU
		{40C56D8D-8CC7-40C0-A51B-9362E55919B1}.Release|Any CPU.Build.0 = Release|Any CPU
	EndGlobalSection
	GlobalSection(SolutionProperties) = preSolution
		HideSolutionNode = FALSE
	EndGlobalSection
	GlobalSection(ExtensibilityGlobals) = postSolution
		SolutionGuid = {17FF1EB3-068B-4AE7-A133-599906B1B3C2}
	EndGlobalSection
EndGlobal
